
Microsoft Visual Studio Solution File, Format Version 12.00
# Visual Studio 15
VisualStudioVersion = 15.0.28307.329
MinimumVisualStudioVersion = 10.0.40219.1
Project("{FAE04EC0-301F-11D3-BF4B-00C04F79EFBC}") = "CycleTimes", "CycleTimes\CycleTimes.csproj", "{C8AE7945-BCF7-42AD-A48B-9570806B3279}"
EndProject
Project("{FAE04EC0-301F-11D3-BF4B-00C04F79EFBC}") = "CycleTimeTest", "CycleTimeTest\CycleTimeTest.csproj", "{0BCF509C-C4AC-4869-A54D-905187307355}"
EndProject
Global
	GlobalSection(SolutionConfigurationPlatforms) = preSolution
		Debug|Any CPU = Debug|Any CPU
		Release|Any CPU = Release|Any CPU
	EndGlobalSection
	GlobalSection(ProjectConfigurationPlatforms) = postSolution
		{C8AE7945-BCF7-42AD-A48B-9570806B3279}.Debug|Any CPU.ActiveCfg = Release|Any CPU
		{C8AE7945-BCF7-42AD-A48B-9570806B3279}.Debug|Any CPU.Build.0 = Release|Any CPU
		{C8AE7945-BCF7-42AD-A48B-9570806B3279}.Release|Any CPU.ActiveCfg = Release|Any CPU
		{C8AE7945-BCF7-42AD-A48B-9570806B3279}.Release|Any CPU.Build.0 = Release|Any CPU
		{0BCF509C-C4AC-4869-A54D-905187307355}.Debug|Any CPU.ActiveCfg = Debug|Any CPU
		{0BCF509C-C4AC-4869-A54D-905187307355}.Debug|Any CPU.Build.0 = Debug|Any CPU
		{0BCF509C-C4AC-4869-A54D-905187307355}.Release|Any CPU.ActiveCfg = Release|Any CPU
		{0BCF509C-C4AC-4869-A54D-905187307355}.Release|Any CPU.Build.0 = Release|Any CPU
	EndGlobalSection
	GlobalSection(SolutionProperties) = preSolution
		HideSolutionNode = FALSE
	EndGlobalSection
	GlobalSection(ExtensibilityGlobals) = postSolution
		SolutionGuid = {8D008B07-D2E5-4EA3-8C77-2453ED1288AE}
	EndGlobalSection
EndGlobal
